// !$*UTF8*$!
{
	archiveVersion = 1;
	classes = {
	};
	objectVersion = 46;
	objects = {

/* Begin PBXBuildFile section */
		2A2541B71A04F77800729D6B /* InfoPlist.strings in Resources */ = {isa = PBXBuildFile; fileRef = 2A2541AF1A04F77800729D6B /* InfoPlist.strings */; };
		2A2541B81A04F77800729D6B /* Images.xcassets in Resources */ = {isa = PBXBuildFile; fileRef = 2A2541B11A04F77800729D6B /* Images.xcassets */; };
		2A2541B91A04F77800729D6B /* main.m in Sources */ = {isa = PBXBuildFile; fileRef = 2A2541B21A04F77800729D6B /* main.m */; };
		2A2541BA1A04F77800729D6B /* SKAppDelegate.m in Sources */ = {isa = PBXBuildFile; fileRef = 2A2541B41A04F77800729D6B /* SKAppDelegate.m */; };
		2A2541BB1A04F77800729D6B /* StudioKit-Info.plist in Resources */ = {isa = PBXBuildFile; fileRef = 2A2541B51A04F77800729D6B /* StudioKit-Info.plist */; };
		2A2541CC1A04F79000729D6B /* SKColor.m in Sources */ = {isa = PBXBuildFile; fileRef = 2A2541BD1A04F79000729D6B /* SKColor.m */; };
		2A2541CD1A04F79000729D6B /* NSDate+Components.m in Sources */ = {isa = PBXBuildFile; fileRef = 2A2541C01A04F79000729D6B /* NSDate+Components.m */; };
		2A2541CE1A04F79000729D6B /* SKFonts.m in Sources */ = {isa = PBXBuildFile; fileRef = 2A2541C21A04F79000729D6B /* SKFonts.m */; };
		2A2541CF1A04F79000729D6B /* StudioKit.m in Sources */ = {isa = PBXBuildFile; fileRef = 2A2541C41A04F79000729D6B /* StudioKit.m */; };
		2A2541D01A04F79000729D6B /* UIActionSheet+Blocks.m in Sources */ = {isa = PBXBuildFile; fileRef = 2A2541C71A04F79000729D6B /* UIActionSheet+Blocks.m */; };
		2A2541D11A04F79000729D6B /* UIAlertView+Blocks.m in Sources */ = {isa = PBXBuildFile; fileRef = 2A2541C91A04F79000729D6B /* UIAlertView+Blocks.m */; };
		2A2541D21A04F79000729D6B /* UIButton+Blocks.m in Sources */ = {isa = PBXBuildFile; fileRef = 2A2541CB1A04F79000729D6B /* UIButton+Blocks.m */; };
		2A2542961A04F9AB00729D6B /* KeychainWrapper.m in Sources */ = {isa = PBXBuildFile; fileRef = 2A2542951A04F9AB00729D6B /* KeychainWrapper.m */; };
		2A2542BC1A04FA9600729D6B /* MBNavigationController.m in Sources */ = {isa = PBXBuildFile; fileRef = 2A2542BB1A04FA9600729D6B /* MBNavigationController.m */; };
		2AE0D34518FA66B100719FA5 /* Foundation.framework in Frameworks */ = {isa = PBXBuildFile; fileRef = 2AE0D34418FA66B100719FA5 /* Foundation.framework */; };
		2AE0D34718FA66B100719FA5 /* CoreGraphics.framework in Frameworks */ = {isa = PBXBuildFile; fileRef = 2AE0D34618FA66B100719FA5 /* CoreGraphics.framework */; };
		2AE0D34918FA66B100719FA5 /* UIKit.framework in Frameworks */ = {isa = PBXBuildFile; fileRef = 2AE0D34818FA66B100719FA5 /* UIKit.framework */; };
		2AE0D35E18FA66B100719FA5 /* XCTest.framework in Frameworks */ = {isa = PBXBuildFile; fileRef = 2AE0D35D18FA66B100719FA5 /* XCTest.framework */; };
		2AE0D35F18FA66B100719FA5 /* Foundation.framework in Frameworks */ = {isa = PBXBuildFile; fileRef = 2AE0D34418FA66B100719FA5 /* Foundation.framework */; };
		2AE0D36018FA66B100719FA5 /* UIKit.framework in Frameworks */ = {isa = PBXBuildFile; fileRef = 2AE0D34818FA66B100719FA5 /* UIKit.framework */; };
		2AE0D36818FA66B100719FA5 /* InfoPlist.strings in Resources */ = {isa = PBXBuildFile; fileRef = 2AE0D36618FA66B100719FA5 /* InfoPlist.strings */; };
		2AE0D36A18FA66B100719FA5 /* StudioKitTests.m in Sources */ = {isa = PBXBuildFile; fileRef = 2AE0D36918FA66B100719FA5 /* StudioKitTests.m */; };
/* End PBXBuildFile section */

/* Begin PBXContainerItemProxy section */
		2AE0D36118FA66B100719FA5 /* PBXContainerItemProxy */ = {
			isa = PBXContainerItemProxy;
			containerPortal = 2AE0D33918FA66B100719FA5 /* Project object */;
			proxyType = 1;
			remoteGlobalIDString = 2AE0D34018FA66B100719FA5;
			remoteInfo = StudioKit;
		};
/* End PBXContainerItemProxy section */

/* Begin PBXFileReference section */
		2A2541B01A04F77800729D6B /* en */ = {isa = PBXFileReference; lastKnownFileType = text.plist.strings; name = en; path = InfoPlist.strings; sourceTree = "<group>"; };
		2A2541B11A04F77800729D6B /* Images.xcassets */ = {isa = PBXFileReference; lastKnownFileType = folder.assetcatalog; path = Images.xcassets; sourceTree = SOURCE_ROOT; };
		2A2541B21A04F77800729D6B /* main.m */ = {isa = PBXFileReference; fileEncoding = 4; lastKnownFileType = sourcecode.c.objc; path = main.m; sourceTree = SOURCE_ROOT; };
		2A2541B31A04F77800729D6B /* SKAppDelegate.h */ = {isa = PBXFileReference; fileEncoding = 4; lastKnownFileType = sourcecode.c.h; path = SKAppDelegate.h; sourceTree = SOURCE_ROOT; };
		2A2541B41A04F77800729D6B /* SKAppDelegate.m */ = {isa = PBXFileReference; fileEncoding = 4; lastKnownFileType = sourcecode.c.objc; path = SKAppDelegate.m; sourceTree = SOURCE_ROOT; };
		2A2541B51A04F77800729D6B /* StudioKit-Info.plist */ = {isa = PBXFileReference; fileEncoding = 4; lastKnownFileType = text.plist.xml; path = "StudioKit-Info.plist"; sourceTree = SOURCE_ROOT; };
		2A2541B61A04F77800729D6B /* StudioKit-Prefix.pch */ = {isa = PBXFileReference; fileEncoding = 4; lastKnownFileType = sourcecode.c.h; path = "StudioKit-Prefix.pch"; sourceTree = SOURCE_ROOT; };
		2A2541BC1A04F79000729D6B /* SKColor.h */ = {isa = PBXFileReference; fileEncoding = 4; lastKnownFileType = sourcecode.c.h; name = SKColor.h; path = StudioKit/SKColor.h; sourceTree = SOURCE_ROOT; };
		2A2541BD1A04F79000729D6B /* SKColor.m */ = {isa = PBXFileReference; fileEncoding = 4; lastKnownFileType = sourcecode.c.objc; name = SKColor.m; path = StudioKit/SKColor.m; sourceTree = SOURCE_ROOT; };
		2A2541BF1A04F79000729D6B /* NSDate+Components.h */ = {isa = PBXFileReference; fileEncoding = 4; lastKnownFileType = sourcecode.c.h; path = "NSDate+Components.h"; sourceTree = "<group>"; };
		2A2541C01A04F79000729D6B /* NSDate+Components.m */ = {isa = PBXFileReference; fileEncoding = 4; lastKnownFileType = sourcecode.c.objc; path = "NSDate+Components.m"; sourceTree = "<group>"; };
		2A2541C11A04F79000729D6B /* SKFonts.h */ = {isa = PBXFileReference; fileEncoding = 4; lastKnownFileType = sourcecode.c.h; name = SKFonts.h; path = StudioKit/SKFonts.h; sourceTree = SOURCE_ROOT; };
		2A2541C21A04F79000729D6B /* SKFonts.m */ = {isa = PBXFileReference; fileEncoding = 4; lastKnownFileType = sourcecode.c.objc; name = SKFonts.m; path = StudioKit/SKFonts.m; sourceTree = SOURCE_ROOT; };
		2A2541C31A04F79000729D6B /* StudioKit.h */ = {isa = PBXFileReference; fileEncoding = 4; lastKnownFileType = sourcecode.c.h; name = StudioKit.h; path = StudioKit/StudioKit.h; sourceTree = SOURCE_ROOT; };
		2A2541C41A04F79000729D6B /* StudioKit.m */ = {isa = PBXFileReference; fileEncoding = 4; lastKnownFileType = sourcecode.c.objc; name = StudioKit.m; path = StudioKit/StudioKit.m; sourceTree = SOURCE_ROOT; };
		2A2541C61A04F79000729D6B /* UIActionSheet+Blocks.h */ = {isa = PBXFileReference; fileEncoding = 4; lastKnownFileType = sourcecode.c.h; path = "UIActionSheet+Blocks.h"; sourceTree = "<group>"; };
		2A2541C71A04F79000729D6B /* UIActionSheet+Blocks.m */ = {isa = PBXFileReference; fileEncoding = 4; lastKnownFileType = sourcecode.c.objc; path = "UIActionSheet+Blocks.m"; sourceTree = "<group>"; };
		2A2541C81A04F79000729D6B /* UIAlertView+Blocks.h */ = {isa = PBXFileReference; fileEncoding = 4; lastKnownFileType = sourcecode.c.h; path = "UIAlertView+Blocks.h"; sourceTree = "<group>"; };
		2A2541C91A04F79000729D6B /* UIAlertView+Blocks.m */ = {isa = PBXFileReference; fileEncoding = 4; lastKnownFileType = sourcecode.c.objc; path = "UIAlertView+Blocks.m"; sourceTree = "<group>"; };
		2A2541CA1A04F79000729D6B /* UIButton+Blocks.h */ = {isa = PBXFileReference; fileEncoding = 4; lastKnownFileType = sourcecode.c.h; path = "UIButton+Blocks.h"; sourceTree = "<group>"; };
		2A2541CB1A04F79000729D6B /* UIButton+Blocks.m */ = {isa = PBXFileReference; fileEncoding = 4; lastKnownFileType = sourcecode.c.objc; path = "UIButton+Blocks.m"; sourceTree = "<group>"; };
		2A2542941A04F9AB00729D6B /* KeychainWrapper.h */ = {isa = PBXFileReference; fileEncoding = 4; lastKnownFileType = sourcecode.c.h; path = KeychainWrapper.h; sourceTree = "<group>"; };
		2A2542951A04F9AB00729D6B /* KeychainWrapper.m */ = {isa = PBXFileReference; fileEncoding = 4; lastKnownFileType = sourcecode.c.objc; path = KeychainWrapper.m; sourceTree = "<group>"; };
		2A2542BA1A04FA9600729D6B /* MBNavigationController.h */ = {isa = PBXFileReference; fileEncoding = 4; lastKnownFileType = sourcecode.c.h; name = MBNavigationController.h; path = StudioKit/MBNavigationController.h; sourceTree = SOURCE_ROOT; };
		2A2542BB1A04FA9600729D6B /* MBNavigationController.m */ = {isa = PBXFileReference; fileEncoding = 4; lastKnownFileType = sourcecode.c.objc; name = MBNavigationController.m; path = StudioKit/MBNavigationController.m; sourceTree = SOURCE_ROOT; };
		2AE0D34118FA66B100719FA5 /* StudioKit.app */ = {isa = PBXFileReference; explicitFileType = wrapper.application; includeInIndex = 0; path = StudioKit.app; sourceTree = BUILT_PRODUCTS_DIR; };
		2AE0D34418FA66B100719FA5 /* Foundation.framework */ = {isa = PBXFileReference; lastKnownFileType = wrapper.framework; name = Foundation.framework; path = System/Library/Frameworks/Foundation.framework; sourceTree = SDKROOT; };
		2AE0D34618FA66B100719FA5 /* CoreGraphics.framework */ = {isa = PBXFileReference; lastKnownFileType = wrapper.framework; name = CoreGraphics.framework; path = System/Library/Frameworks/CoreGraphics.framework; sourceTree = SDKROOT; };
		2AE0D34818FA66B100719FA5 /* UIKit.framework */ = {isa = PBXFileReference; lastKnownFileType = wrapper.framework; name = UIKit.framework; path = System/Library/Frameworks/UIKit.framework; sourceTree = SDKROOT; };
		2AE0D35C18FA66B100719FA5 /* StudioKitTests.xctest */ = {isa = PBXFileReference; explicitFileType = wrapper.cfbundle; includeInIndex = 0; path = StudioKitTests.xctest; sourceTree = BUILT_PRODUCTS_DIR; };
		2AE0D35D18FA66B100719FA5 /* XCTest.framework */ = {isa = PBXFileReference; lastKnownFileType = wrapper.framework; name = XCTest.framework; path = Library/Frameworks/XCTest.framework; sourceTree = DEVELOPER_DIR; };
		2AE0D36518FA66B100719FA5 /* StudioKitTests-Info.plist */ = {isa = PBXFileReference; lastKnownFileType = text.plist.xml; path = "StudioKitTests-Info.plist"; sourceTree = "<group>"; };
		2AE0D36718FA66B100719FA5 /* en */ = {isa = PBXFileReference; lastKnownFileType = text.plist.strings; name = en; path = en.lproj/InfoPlist.strings; sourceTree = "<group>"; };
		2AE0D36918FA66B100719FA5 /* StudioKitTests.m */ = {isa = PBXFileReference; lastKnownFileType = sourcecode.c.objc; path = StudioKitTests.m; sourceTree = "<group>"; };
/* End PBXFileReference section */

/* Begin PBXFrameworksBuildPhase section */
		2AE0D33E18FA66B100719FA5 /* Frameworks */ = {
			isa = PBXFrameworksBuildPhase;
			buildActionMask = 2147483647;
			files = (
				2AE0D34718FA66B100719FA5 /* CoreGraphics.framework in Frameworks */,
				2AE0D34918FA66B100719FA5 /* UIKit.framework in Frameworks */,
				2AE0D34518FA66B100719FA5 /* Foundation.framework in Frameworks */,
			);
			runOnlyForDeploymentPostprocessing = 0;
		};
		2AE0D35918FA66B100719FA5 /* Frameworks */ = {
			isa = PBXFrameworksBuildPhase;
			buildActionMask = 2147483647;
			files = (
				2AE0D35E18FA66B100719FA5 /* XCTest.framework in Frameworks */,
				2AE0D36018FA66B100719FA5 /* UIKit.framework in Frameworks */,
				2AE0D35F18FA66B100719FA5 /* Foundation.framework in Frameworks */,
			);
			runOnlyForDeploymentPostprocessing = 0;
		};
/* End PBXFrameworksBuildPhase section */

/* Begin PBXGroup section */
		2A2541AE1A04F77800729D6B /* en.lproj */ = {
			isa = PBXGroup;
			children = (
				2A2541AF1A04F77800729D6B /* InfoPlist.strings */,
			);
			path = en.lproj;
			sourceTree = SOURCE_ROOT;
		};
		2A2541BE1A04F79000729D6B /* SKDate */ = {
			isa = PBXGroup;
			children = (
				2A2541BF1A04F79000729D6B /* NSDate+Components.h */,
				2A2541C01A04F79000729D6B /* NSDate+Components.m */,
			);
			name = SKDate;
			path = StudioKit/SKDate;
			sourceTree = SOURCE_ROOT;
		};
		2A2541C51A04F79000729D6B /* UIKit+Blocks */ = {
			isa = PBXGroup;
			children = (
				2A2541C61A04F79000729D6B /* UIActionSheet+Blocks.h */,
				2A2541C71A04F79000729D6B /* UIActionSheet+Blocks.m */,
				2A2541C81A04F79000729D6B /* UIAlertView+Blocks.h */,
				2A2541C91A04F79000729D6B /* UIAlertView+Blocks.m */,
				2A2541CA1A04F79000729D6B /* UIButton+Blocks.h */,
				2A2541CB1A04F79000729D6B /* UIButton+Blocks.m */,
			);
			name = "UIKit+Blocks";
			path = "StudioKit/UIKit+Blocks";
			sourceTree = SOURCE_ROOT;
		};
		2A2542931A04F9AB00729D6B /* KeychainWrapper */ = {
			isa = PBXGroup;
			children = (
				2A2542941A04F9AB00729D6B /* KeychainWrapper.h */,
				2A2542951A04F9AB00729D6B /* KeychainWrapper.m */,
			);
			name = KeychainWrapper;
			path = StudioKit/KeychainWrapper;
			sourceTree = SOURCE_ROOT;
		};
		2AE0D33818FA66B100719FA5 = {
			isa = PBXGroup;
			children = (
				2AE0D37318FA676B00719FA5 /* Classes */,
				2AE0D34A18FA66B100719FA5 /* StudioKit */,
				2AE0D36318FA66B100719FA5 /* StudioKitTests */,
				2AE0D34318FA66B100719FA5 /* Frameworks */,
				2AE0D34218FA66B100719FA5 /* Products */,
			);
			sourceTree = "<group>";
		};
		2AE0D34218FA66B100719FA5 /* Products */ = {
			isa = PBXGroup;
			children = (
				2AE0D34118FA66B100719FA5 /* StudioKit.app */,
				2AE0D35C18FA66B100719FA5 /* StudioKitTests.xctest */,
			);
			name = Products;
			sourceTree = "<group>";
		};
		2AE0D34318FA66B100719FA5 /* Frameworks */ = {
			isa = PBXGroup;
			children = (
				2AE0D34418FA66B100719FA5 /* Foundation.framework */,
				2AE0D34618FA66B100719FA5 /* CoreGraphics.framework */,
				2AE0D34818FA66B100719FA5 /* UIKit.framework */,
				2AE0D35D18FA66B100719FA5 /* XCTest.framework */,
			);
			name = Frameworks;
			sourceTree = "<group>";
		};
		2AE0D34A18FA66B100719FA5 /* StudioKit */ = {
			isa = PBXGroup;
			children = (
				2A2541AE1A04F77800729D6B /* en.lproj */,
				2A2541B11A04F77800729D6B /* Images.xcassets */,
				2A2541B21A04F77800729D6B /* main.m */,
				2A2541B31A04F77800729D6B /* SKAppDelegate.h */,
				2A2541B41A04F77800729D6B /* SKAppDelegate.m */,
				2A2541B51A04F77800729D6B /* StudioKit-Info.plist */,
				2A2541B61A04F77800729D6B /* StudioKit-Prefix.pch */,
			);
			path = StudioKit;
			sourceTree = "<group>";
		};
		2AE0D36318FA66B100719FA5 /* StudioKitTests */ = {
			isa = PBXGroup;
			children = (
				2AE0D36918FA66B100719FA5 /* StudioKitTests.m */,
				2AE0D36418FA66B100719FA5 /* Supporting Files */,
			);
			path = StudioKitTests;
			sourceTree = "<group>";
		};
		2AE0D36418FA66B100719FA5 /* Supporting Files */ = {
			isa = PBXGroup;
			children = (
				2AE0D36518FA66B100719FA5 /* StudioKitTests-Info.plist */,
				2AE0D36618FA66B100719FA5 /* InfoPlist.strings */,
			);
			name = "Supporting Files";
			sourceTree = "<group>";
		};
		2AE0D37318FA676B00719FA5 /* Classes */ = {
			isa = PBXGroup;
			children = (
				2A2542BA1A04FA9600729D6B /* MBNavigationController.h */,
				2A2542BB1A04FA9600729D6B /* MBNavigationController.m */,
				2A2542931A04F9AB00729D6B /* KeychainWrapper */,
				2A2541BC1A04F79000729D6B /* SKColor.h */,
				2A2541BD1A04F79000729D6B /* SKColor.m */,
				2A2541BE1A04F79000729D6B /* SKDate */,
				2A2541C11A04F79000729D6B /* SKFonts.h */,
				2A2541C21A04F79000729D6B /* SKFonts.m */,
				2A2541C31A04F79000729D6B /* StudioKit.h */,
				2A2541C41A04F79000729D6B /* StudioKit.m */,
				2A2541C51A04F79000729D6B /* UIKit+Blocks */,
			);
			path = Classes;
			sourceTree = "<group>";
		};
/* End PBXGroup section */

/* Begin PBXNativeTarget section */
		2AE0D34018FA66B100719FA5 /* StudioKit */ = {
			isa = PBXNativeTarget;
			buildConfigurationList = 2AE0D36D18FA66B200719FA5 /* Build configuration list for PBXNativeTarget "StudioKit" */;
			buildPhases = (
				2AE0D33D18FA66B100719FA5 /* Sources */,
				2AE0D33E18FA66B100719FA5 /* Frameworks */,
				2AE0D33F18FA66B100719FA5 /* Resources */,
			);
			buildRules = (
			);
			dependencies = (
			);
			name = StudioKit;
			productName = StudioKit;
			productReference = 2AE0D34118FA66B100719FA5 /* StudioKit.app */;
			productType = "com.apple.product-type.application";
		};
		2AE0D35B18FA66B100719FA5 /* StudioKitTests */ = {
			isa = PBXNativeTarget;
			buildConfigurationList = 2AE0D37018FA66B200719FA5 /* Build configuration list for PBXNativeTarget "StudioKitTests" */;
			buildPhases = (
				2AE0D35818FA66B100719FA5 /* Sources */,
				2AE0D35918FA66B100719FA5 /* Frameworks */,
				2AE0D35A18FA66B100719FA5 /* Resources */,
			);
			buildRules = (
			);
			dependencies = (
				2AE0D36218FA66B100719FA5 /* PBXTargetDependency */,
			);
			name = StudioKitTests;
			productName = StudioKitTests;
			productReference = 2AE0D35C18FA66B100719FA5 /* StudioKitTests.xctest */;
			productType = "com.apple.product-type.bundle.unit-test";
		};
/* End PBXNativeTarget section */

/* Begin PBXProject section */
		2AE0D33918FA66B100719FA5 /* Project object */ = {
			isa = PBXProject;
			attributes = {
				CLASSPREFIX = SK;
				LastUpgradeCheck = 0510;
				ORGANIZATIONNAME = "9P Studio";
				TargetAttributes = {
					2AE0D34018FA66B100719FA5 = {
						DevelopmentTeam = UY8Z6274SM;
					};
					2AE0D35B18FA66B100719FA5 = {
						TestTargetID = 2AE0D34018FA66B100719FA5;
					};
				};
			};
			buildConfigurationList = 2AE0D33C18FA66B100719FA5 /* Build configuration list for PBXProject "StudioKit" */;
			compatibilityVersion = "Xcode 3.2";
			developmentRegion = English;
			hasScannedForEncodings = 0;
			knownRegions = (
				en,
			);
			mainGroup = 2AE0D33818FA66B100719FA5;
			productRefGroup = 2AE0D34218FA66B100719FA5 /* Products */;
			projectDirPath = "";
			projectRoot = "";
			targets = (
				2AE0D34018FA66B100719FA5 /* StudioKit */,
				2AE0D35B18FA66B100719FA5 /* StudioKitTests */,
			);
		};
/* End PBXProject section */

/* Begin PBXResourcesBuildPhase section */
		2AE0D33F18FA66B100719FA5 /* Resources */ = {
			isa = PBXResourcesBuildPhase;
			buildActionMask = 2147483647;
			files = (
				2A2541B71A04F77800729D6B /* InfoPlist.strings in Resources */,
				2A2541B81A04F77800729D6B /* Images.xcassets in Resources */,
				2A2541BB1A04F77800729D6B /* StudioKit-Info.plist in Resources */,
			);
			runOnlyForDeploymentPostprocessing = 0;
		};
		2AE0D35A18FA66B100719FA5 /* Resources */ = {
			isa = PBXResourcesBuildPhase;
			buildActionMask = 2147483647;
			files = (
				2AE0D36818FA66B100719FA5 /* InfoPlist.strings in Resources */,
			);
			runOnlyForDeploymentPostprocessing = 0;
		};
/* End PBXResourcesBuildPhase section */

/* Begin PBXSourcesBuildPhase section */
		2AE0D33D18FA66B100719FA5 /* Sources */ = {
			isa = PBXSourcesBuildPhase;
			buildActionMask = 2147483647;
			files = (
				2A2541CF1A04F79000729D6B /* StudioKit.m in Sources */,
				2A2541D21A04F79000729D6B /* UIButton+Blocks.m in Sources */,
				2A2541D11A04F79000729D6B /* UIAlertView+Blocks.m in Sources */,
				2A2541D01A04F79000729D6B /* UIActionSheet+Blocks.m in Sources */,
				2A2542BC1A04FA9600729D6B /* MBNavigationController.m in Sources */,
				2A2541CC1A04F79000729D6B /* SKColor.m in Sources */,
				2A2541BA1A04F77800729D6B /* SKAppDelegate.m in Sources */,
				2A2541CE1A04F79000729D6B /* SKFonts.m in Sources */,
				2A2541CD1A04F79000729D6B /* NSDate+Components.m in Sources */,
				2A2541B91A04F77800729D6B /* main.m in Sources */,
				2A2542961A04F9AB00729D6B /* KeychainWrapper.m in Sources */,
			);
			runOnlyForDeploymentPostprocessing = 0;
		};
		2AE0D35818FA66B100719FA5 /* Sources */ = {
			isa = PBXSourcesBuildPhase;
			buildActionMask = 2147483647;
			files = (
				2AE0D36A18FA66B100719FA5 /* StudioKitTests.m in Sources */,
			);
			runOnlyForDeploymentPostprocessing = 0;
		};
/* End PBXSourcesBuildPhase section */

/* Begin PBXTargetDependency section */
		2AE0D36218FA66B100719FA5 /* PBXTargetDependency */ = {
			isa = PBXTargetDependency;
			target = 2AE0D34018FA66B100719FA5 /* StudioKit */;
			targetProxy = 2AE0D36118FA66B100719FA5 /* PBXContainerItemProxy */;
		};
/* End PBXTargetDependency section */

/* Begin PBXVariantGroup section */
		2A2541AF1A04F77800729D6B /* InfoPlist.strings */ = {
			isa = PBXVariantGroup;
			children = (
				2A2541B01A04F77800729D6B /* en */,
			);
			name = InfoPlist.strings;
			sourceTree = "<group>";
		};
		2AE0D36618FA66B100719FA5 /* InfoPlist.strings */ = {
			isa = PBXVariantGroup;
			children = (
				2AE0D36718FA66B100719FA5 /* en */,
			);
			name = InfoPlist.strings;
			sourceTree = "<group>";
		};
/* End PBXVariantGroup section */

/* Begin XCBuildConfiguration section */
		2AE0D36B18FA66B200719FA5 /* Debug */ = {
			isa = XCBuildConfiguration;
			buildSettings = {
				ALWAYS_SEARCH_USER_PATHS = NO;
				CLANG_CXX_LANGUAGE_STANDARD = "gnu++0x";
				CLANG_CXX_LIBRARY = "libc++";
				CLANG_ENABLE_MODULES = YES;
				CLANG_ENABLE_OBJC_ARC = YES;
				CLANG_WARN_BOOL_CONVERSION = YES;
				CLANG_WARN_CONSTANT_CONVERSION = YES;
				CLANG_WARN_DIRECT_OBJC_ISA_USAGE = YES_ERROR;
				CLANG_WARN_EMPTY_BODY = YES;
				CLANG_WARN_ENUM_CONVERSION = YES;
				CLANG_WARN_INT_CONVERSION = YES;
				CLANG_WARN_OBJC_ROOT_CLASS = YES_ERROR;
				CLANG_WARN__DUPLICATE_METHOD_MATCH = YES;
				"CODE_SIGN_IDENTITY[sdk=iphoneos*]" = "iPhone Developer";
				COPY_PHASE_STRIP = NO;
				GCC_C_LANGUAGE_STANDARD = gnu99;
				GCC_DYNAMIC_NO_PIC = NO;
				GCC_OPTIMIZATION_LEVEL = 0;
				GCC_PREPROCESSOR_DEFINITIONS = (
					"DEBUG=1",
					"$(inherited)",
				);
				GCC_SYMBOLS_PRIVATE_EXTERN = NO;
				GCC_WARN_64_TO_32_BIT_CONVERSION = YES;
				GCC_WARN_ABOUT_RETURN_TYPE = YES_ERROR;
				GCC_WARN_UNDECLARED_SELECTOR = YES;
				GCC_WARN_UNINITIALIZED_AUTOS = YES_AGGRESSIVE;
				GCC_WARN_UNUSED_FUNCTION = YES;
				GCC_WARN_UNUSED_VARIABLE = YES;
				IPHONEOS_DEPLOYMENT_TARGET = 7.1;
				ONLY_ACTIVE_ARCH = YES;
				SDKROOT = iphoneos;
				TARGETED_DEVICE_FAMILY = "1,2";
			};
			name = Debug;
		};
		2AE0D36C18FA66B200719FA5 /* Release */ = {
			isa = XCBuildConfiguration;
			buildSettings = {
				ALWAYS_SEARCH_USER_PATHS = NO;
				CLANG_CXX_LANGUAGE_STANDARD = "gnu++0x";
				CLANG_CXX_LIBRARY = "libc++";
				CLANG_ENABLE_MODULES = YES;
				CLANG_ENABLE_OBJC_ARC = YES;
				CLANG_WARN_BOOL_CONVERSION = YES;
				CLANG_WARN_CONSTANT_CONVERSION = YES;
				CLANG_WARN_DIRECT_OBJC_ISA_USAGE = YES_ERROR;
				CLANG_WARN_EMPTY_BODY = YES;
				CLANG_WARN_ENUM_CONVERSION = YES;
				CLANG_WARN_INT_CONVERSION = YES;
				CLANG_WARN_OBJC_ROOT_CLASS = YES_ERROR;
				CLANG_WARN__DUPLICATE_METHOD_MATCH = YES;
				"CODE_SIGN_IDENTITY[sdk=iphoneos*]" = "iPhone Developer";
				COPY_PHASE_STRIP = YES;
				ENABLE_NS_ASSERTIONS = NO;
				GCC_C_LANGUAGE_STANDARD = gnu99;
				GCC_WARN_64_TO_32_BIT_CONVERSION = YES;
				GCC_WARN_ABOUT_RETURN_TYPE = YES_ERROR;
				GCC_WARN_UNDECLARED_SELECTOR = YES;
				GCC_WARN_UNINITIALIZED_AUTOS = YES_AGGRESSIVE;
				GCC_WARN_UNUSED_FUNCTION = YES;
				GCC_WARN_UNUSED_VARIABLE = YES;
				IPHONEOS_DEPLOYMENT_TARGET = 7.1;
				SDKROOT = iphoneos;
				TARGETED_DEVICE_FAMILY = "1,2";
				VALIDATE_PRODUCT = YES;
			};
			name = Release;
		};
		2AE0D36E18FA66B200719FA5 /* Debug */ = {
			isa = XCBuildConfiguration;
			buildSettings = {
				ASSETCATALOG_COMPILER_APPICON_NAME = AppIcon;
				ASSETCATALOG_COMPILER_LAUNCHIMAGE_NAME = LaunchImage;
				CODE_SIGN_IDENTITY = "iPhone Developer";
				GCC_PRECOMPILE_PREFIX_HEADER = YES;
				GCC_PREFIX_HEADER = "StudioKit/StudioKit-Prefix.pch";
				INFOPLIST_FILE = "StudioKit/StudioKit-Info.plist";
				IPHONEOS_DEPLOYMENT_TARGET = 6.0;
				PRODUCT_NAME = "$(TARGET_NAME)";
				WRAPPER_EXTENSION = app;
			};
			name = Debug;
		};
		2AE0D36F18FA66B200719FA5 /* Release */ = {
			isa = XCBuildConfiguration;
			buildSettings = {
				ASSETCATALOG_COMPILER_APPICON_NAME = AppIcon;
				ASSETCATALOG_COMPILER_LAUNCHIMAGE_NAME = LaunchImage;
				CODE_SIGN_IDENTITY = "iPhone Developer";
				GCC_PRECOMPILE_PREFIX_HEADER = YES;
				GCC_PREFIX_HEADER = "StudioKit/StudioKit-Prefix.pch";
				INFOPLIST_FILE = "StudioKit/StudioKit-Info.plist";
				IPHONEOS_DEPLOYMENT_TARGET = 6.0;
				PRODUCT_NAME = "$(TARGET_NAME)";
				WRAPPER_EXTENSION = app;
			};
			name = Release;
		};
		2AE0D37118FA66B200719FA5 /* Debug */ = {
			isa = XCBuildConfiguration;
			buildSettings = {
				BUNDLE_LOADER = "$(BUILT_PRODUCTS_DIR)/StudioKit.app/StudioKit";
				FRAMEWORK_SEARCH_PATHS = (
					"$(SDKROOT)/Developer/Library/Frameworks",
					"$(inherited)",
					"$(DEVELOPER_FRAMEWORKS_DIR)",
				);
				GCC_PRECOMPILE_PREFIX_HEADER = YES;
				GCC_PREFIX_HEADER = "StudioKit/StudioKit-Prefix.pch";
				GCC_PREPROCESSOR_DEFINITIONS = (
					"DEBUG=1",
					"$(inherited)",
				);
				INFOPLIST_FILE = "StudioKitTests/StudioKitTests-Info.plist";
				PRODUCT_NAME = "$(TARGET_NAME)";
				TEST_HOST = "$(BUNDLE_LOADER)";
				WRAPPER_EXTENSION = xctest;
			};
			name = Debug;
		};
		2AE0D37218FA66B200719FA5 /* Release */ = {
			isa = XCBuildConfiguration;
			buildSettings = {
				BUNDLE_LOADER = "$(BUILT_PRODUCTS_DIR)/StudioKit.app/StudioKit";
				FRAMEWORK_SEARCH_PATHS = (
					"$(SDKROOT)/Developer/Library/Frameworks",
					"$(inherited)",
					"$(DEVELOPER_FRAMEWORKS_DIR)",
				);
				GCC_PRECOMPILE_PREFIX_HEADER = YES;
				GCC_PREFIX_HEADER = "StudioKit/StudioKit-Prefix.pch";
				INFOPLIST_FILE = "StudioKitTests/StudioKitTests-Info.plist";
				PRODUCT_NAME = "$(TARGET_NAME)";
				TEST_HOST = "$(BUNDLE_LOADER)";
				WRAPPER_EXTENSION = xctest;
			};
			name = Release;
		};
/* End XCBuildConfiguration section */

/* Begin XCConfigurationList section */
		2AE0D33C18FA66B100719FA5 /* Build configuration list for PBXProject "StudioKit" */ = {
			isa = XCConfigurationList;
			buildConfigurations = (
				2AE0D36B18FA66B200719FA5 /* Debug */,
				2AE0D36C18FA66B200719FA5 /* Release */,
			);
			defaultConfigurationIsVisible = 0;
			defaultConfigurationName = Release;
		};
		2AE0D36D18FA66B200719FA5 /* Build configuration list for PBXNativeTarget "StudioKit" */ = {
			isa = XCConfigurationList;
			buildConfigurations = (
				2AE0D36E18FA66B200719FA5 /* Debug */,
				2AE0D36F18FA66B200719FA5 /* Release */,
			);
			defaultConfigurationIsVisible = 0;
			defaultConfigurationName = Release;
		};
		2AE0D37018FA66B200719FA5 /* Build configuration list for PBXNativeTarget "StudioKitTests" */ = {
			isa = XCConfigurationList;
			buildConfigurations = (
				2AE0D37118FA66B200719FA5 /* Debug */,
				2AE0D37218FA66B200719FA5 /* Release */,
			);
			defaultConfigurationIsVisible = 0;
			defaultConfigurationName = Release;
		};
/* End XCConfigurationList section */
	};
	rootObject = 2AE0D33918FA66B100719FA5 /* Project object */;
}
